
Microsoft Visual Studio Solution File, Format Version 12.00
# Visual Studio 15
VisualStudioVersion = 15.0.28307.2092
MinimumVisualStudioVersion = 10.0.40219.1
Project("{2150E333-8FDC-42A3-9474-1A3956D46DE8}") = "Internal", "Internal", "{E50B09A0-520B-4AE2-BE5D-28F4BD3389AB}"
EndProject
Project("{2150E333-8FDC-42A3-9474-1A3956D46DE8}") = "Scripts", "Scripts", "{050D2653-ED1F-4515-BC0A-FC06952BBC7F}"
EndProject
Project("{2150E333-8FDC-42A3-9474-1A3956D46DE8}") = "Dlls", "Dlls", "{5D201421-D1CE-4916-A958-F747D99CE16A}"
	ProjectSection(SolutionItems) = preProject
		Dlls\readme.txt = Dlls\readme.txt
	EndProjectSection
EndProject
Project("{2150E333-8FDC-42A3-9474-1A3956D46DE8}") = "Documentation", "Documentation", "{E8E3126F-1B86-4000-AAC6-D32B2988CB0D}"
	ProjectSection(SolutionItems) = preProject
		Documentation\readme.txt = Documentation\readme.txt
	EndProjectSection
EndProject
Project("{2150E333-8FDC-42A3-9474-1A3956D46DE8}") = "Code Analysis", "Code Analysis", "{9C41C664-06D0-42FB-872F-FF75EF4B161F}"
	ProjectSection(SolutionItems) = preProject
		Internal\Code Analysis\qaction-debug.ruleset = Internal\Code Analysis\qaction-debug.ruleset
		Internal\Code Analysis\qaction-release.ruleset = Internal\Code Analysis\qaction-release.ruleset
	EndProjectSection
EndProject
Project("{2150E333-8FDC-42A3-9474-1A3956D46DE8}") = "SLC-AS-DMSSanityChecks", "SLC-AS-DMSSanityChecks", "{E642B034-3E7F-4AEB-88BC-138C60257235}"
	ProjectSection(SolutionItems) = preProject
		SLC-AS-DMSSanityChecks.xml = SLC-AS-DMSSanityChecks.xml
	EndProjectSection
EndProject
Global
	GlobalSection(SolutionProperties) = preSolution
		HideSolutionNode = FALSE
	EndGlobalSection
	GlobalSection(NestedProjects) = preSolution
		{9C41C664-06D0-42FB-872F-FF75EF4B161F} = {E50B09A0-520B-4AE2-BE5D-28F4BD3389AB}
		{E642B034-3E7F-4AEB-88BC-138C60257235} = {050D2653-ED1F-4515-BC0A-FC06952BBC7F}
	EndGlobalSection
	GlobalSection(ExtensibilityGlobals) = postSolution
		SolutionGuid = {28698F11-774D-44B7-BD6B-E4B94954FDC7}
	EndGlobalSection
EndGlobal
